PODS:
  - AFNetworking (4.0.1):
    - AFNetworking/NSURLSession (= 4.0.1)
    - AFNetworking/Reachability (= 4.0.1)
    - AFNetworking/Security (= 4.0.1)
    - AFNetworking/Serialization (= 4.0.1)
    - AFNetworking/UIKit (= 4.0.1)
  - AFNetworking/NSURLSession (4.0.1):
    - AFNetworking/Reachability
    - AFNetworking/Security
    - AFNetworking/Serialization
  - AFNetworking/Reachability (4.0.1)
  - AFNetworking/Security (4.0.1)
  - AFNetworking/Serialization (4.0.1)
  - AFNetworking/UIKit (4.0.1):
    - AFNetworking/NSURLSession
  - SensorsAnalyticsSDK/CAID (2.3.0):
    - SensorsAnalyticsSDK/Core
  - SensorsAnalyticsSDK/Core (2.3.0)
  - SensorsAnalyticsSDK/Location (2.3.0):
    - SensorsAnalyticsSDK/Core
  - Toast (4.0.0)

DEPENDENCIES:
  - AFNetworking
  - SensorsAnalyticsSDK/CAID (from `~/Documents/GitLab/sa-sdk-ios`)
  - SensorsAnalyticsSDK/Location (from `~/Documents/GitLab/sa-sdk-ios`)
  - Toast (~> 4.0.0)

SPEC REPOS:
  https://github.com/CocoaPods/Specs.git:
    - AFNetworking
    - Toast

EXTERNAL SOURCES:
  SensorsAnalyticsSDK:
    :path: "~/Documents/GitLab/sa-sdk-ios"

SPEC CHECKSUMS:
  AFNetworking: 7864c38297c79aaca1500c33288e429c3451fdce
  SensorsAnalyticsSDK: a74559a2535f67958a4e8ec2e122e09bbe995f81
  Toast: 91b396c56ee72a5790816f40d3a94dd357abc196

PODFILE CHECKSUM: f9d67fe2160f2d2a183dcc0ca9293c8c070ebcbe

COCOAPODS: 1.9.3
