PODS:
  - GTSDK (2.5.1.0)
  - JCore (2.4.0)
  - JPush (3.4.0):
    - JCore (< 3.0.0, >= 2.0.0)
  - SensorsAnalyticsSDK/Core (2.3.0)
  - SensorsAnalyticsSDK/Location (2.3.0):
    - SensorsAnalyticsSDK/Core

DEPENDENCIES:
  - GTSDK
  - JPush
  - SensorsAnalyticsSDK/Location (from `~/Documents/GitLab/sa-sdk-ios-test`)

SPEC REPOS:
  trunk:
    - GTSDK
    - JCore
    - JPush

EXTERNAL SOURCES:
  SensorsAnalyticsSDK:
    :path: "~/Documents/GitLab/sa-sdk-ios-test"

SPEC CHECKSUMS:
  GTSDK: 5f8dd6014febe68acc260e5b902cc29781b6e147
  JCore: a29e4b0ee54e1301446dc02d8e1c350404108b34
  JPush: defaa108c38806f6efdcfaf4c416854d25fca8e5
  SensorsAnalyticsSDK: 6044f1e2a0c6ed183d94581e5e620bf69594d3ff

PODFILE CHECKSUM: 68f6387e044fe626f00875f2f720ef6b5032cc77

COCOAPODS: 1.9.3
